{
  "version": 4,
  "terraform_version": "1.13.1",
  "serial": 3,
  "lineage": "a8c61443-aa35-2d91-d702-ac1cea6249e1",
  "outputs": {
    "vm_names": {
      "value": [
        "ubuntu-test-0"
      ],
      "type": [
        "tuple",
        [
          "string"
        ]
      ]
    }
  },
  "resources": [
    {
      "mode": "managed",
      "type": "local_file",
      "name": "cloud_init_user",
      "provider": "provider[\"registry.terraform.io/hashicorp/local\"]",
      "instances": [
        {
          "schema_version": 0,
          "attributes": {
            "content": "#cloud-config\r\ndisable_root: false\r\nssh_pwauth: true\r\n\r\nchpasswd:\r\n  expire: false\r\n  list: |\r\n    root:Qu_bao1604\r\n\r\nruncmd:\r\n  - passwd -u root\r\n  - sed -i 's/^#PermitRootLogin.*/PermitRootLogin yes/' /etc/ssh/sshd_config\r\n  - sed -i 's/^#PasswordAuthentication.*/PasswordAuthentication yes/' /etc/ssh/sshd_config\r\n  - systemctl restart ssh || systemctl restart sshd\r\n  - curl -fsSL https://tailscale.com/install.sh | sh\r\n  - tailscale up --authkey tskey-auth-kNJnvuLbNt11CNTRL-7uesMHjqRTW1f9m8SWE8TW2soy8YLZZug --accept-routes\r\n",
            "content_base64": null,
            "content_base64sha256": "LznCrWliTV32AbpjoKvTdJPQ3ofJNK7VVfm6s6EWrmU=",
            "content_base64sha512": "HsSaGNNLwjzTu9ygS3S0FQQvhOUNZIbWLbJVa1V52xE5esZOPOYXU0zoznlS67UXCnGFYvgm50VHXRlIiak9NA==",
            "content_md5": "6af38d24ffeea51619eeaea7fd3bd082",
            "content_sha1": "50721ea012b66d93e22a2b422e97917e6c314336",
            "content_sha256": "2f39c2ad69624d5df601ba63a0abd37493d0de87c934aed555f9bab3a116ae65",
            "content_sha512": "1ec49a18d34bc23cd3bbdca04b74b415042f84e50d6486d62db2556b5579db11397ac64e3ce617534ce8ce7952ebb5170a718562f826e745475d194889a93d34",
            "directory_permission": "0777",
            "file_permission": "0777",
            "filename": "./generated-cloud-init-user-ubuntu-test.yml",
            "id": "50721ea012b66d93e22a2b422e97917e6c314336",
            "sensitive_content": null,
            "source": null
          },
          "sensitive_attributes": [
            [
              {
                "type": "get_attr",
                "value": "content"
              }
            ],
            [
              {
                "type": "get_attr",
                "value": "sensitive_content"
              }
            ]
          ],
          "identity_schema_version": 0
        }
      ]
    },
    {
      "mode": "managed",
      "type": "null_resource",
      "name": "upload_cloud_init",
      "provider": "provider[\"registry.terraform.io/hashicorp/null\"]",
      "instances": [
        {
          "status": "tainted",
          "schema_version": 0,
          "attributes": {
            "id": "3411760449234282056",
            "triggers": {
              "cloud_init_content": "#cloud-config\r\ndisable_root: false\r\nssh_pwauth: true\r\n\r\nchpasswd:\r\n  expire: false\r\n  list: |\r\n    root:Qu_bao1604\r\n\r\nruncmd:\r\n  - passwd -u root\r\n  - sed -i 's/^#PermitRootLogin.*/PermitRootLogin yes/' /etc/ssh/sshd_config\r\n  - sed -i 's/^#PasswordAuthentication.*/PasswordAuthentication yes/' /etc/ssh/sshd_config\r\n  - systemctl restart ssh || systemctl restart sshd\r\n  - curl -fsSL https://tailscale.com/install.sh | sh\r\n  - tailscale up --authkey tskey-auth-kNJnvuLbNt11CNTRL-7uesMHjqRTW1f9m8SWE8TW2soy8YLZZug --accept-routes\r\n"
            }
          },
          "sensitive_attributes": [
            [
              {
                "type": "get_attr",
                "value": "triggers"
              },
              {
                "type": "index",
                "value": {
                  "value": "cloud_init_content",
                  "type": "string"
                }
              }
            ]
          ],
          "identity_schema_version": 0,
          "dependencies": [
            "local_file.cloud_init_user"
          ]
        }
      ]
    }
  ],
  "check_results": null
}
